// !$*UTF8*$!
{
	archiveVersion = 1;
	classes = {
	};
	objectVersion = 56;
	objects = {

/* Begin PBXBuildFile section */
		DC3F999E2E310F4200E8B7BB /* DayCellView.swift in Sources */ = {isa = PBXBuildFile; fileRef = DC3F999D2E310F4200E8B7BB /* DayCellView.swift */; };
		DC3F99A02E31104800E8B7BB /* DayDetailView.swift in Sources */ = {isa = PBXBuildFile; fileRef = DC3F999F2E31104800E8B7BB /* DayDetailView.swift */; };
		DC3F99A22E3353D600E8B7BB /* ImageCropperView.swift in Sources */ = {isa = PBXBuildFile; fileRef = DC3F99A12E3353D600E8B7BB /* ImageCropperView.swift */; };
		DC3F99A42E37BD3200E8B7BB /* AppConstants.swift in Sources */ = {isa = PBXBuildFile; fileRef = DC3F99A32E37BD3200E8B7BB /* AppConstants.swift */; };
		DC3F99AC2E3BB1CF00E8B7BB /* MonthView.swift in Sources */ = {isa = PBXBuildFile; fileRef = DC3F99AB2E3BB1CF00E8B7BB /* MonthView.swift */; };
		DC3F99AE2E3BDB8800E8B7BB /* StickyHeaderView.swift in Sources */ = {isa = PBXBuildFile; fileRef = DC3F99AD2E3BDB8800E8B7BB /* StickyHeaderView.swift */; };
		DC3F99B02E40EE7400E8B7BB /* CalendarDay.swift in Sources */ = {isa = PBXBuildFile; fileRef = DC3F99AF2E40EE7400E8B7BB /* CalendarDay.swift */; };
		DC3F99B22E4120FF00E8B7BB /* WeekRowView.swift in Sources */ = {isa = PBXBuildFile; fileRef = DC3F99B12E4120FF00E8B7BB /* WeekRowView.swift */; };
		DC3F99B62E47492100E8B7BB /* VisibleMonthPreferenceKey.swift in Sources */ = {isa = PBXBuildFile; fileRef = DC3F99B52E47492100E8B7BB /* VisibleMonthPreferenceKey.swift */; };
		DC3F99B82E476FA900E8B7BB /* Date+Extensions.swift in Sources */ = {isa = PBXBuildFile; fileRef = DC3F99B72E476FA900E8B7BB /* Date+Extensions.swift */; };
		DC3F99BC2E4BDFCD00E8B7BB /* YearView.swift in Sources */ = {isa = PBXBuildFile; fileRef = DC3F99BB2E4BDFCD00E8B7BB /* YearView.swift */; };
		DC3F99BE2E4C690300E8B7BB /* MiniMonthView.swift in Sources */ = {isa = PBXBuildFile; fileRef = DC3F99BD2E4C690300E8B7BB /* MiniMonthView.swift */; };
		DC3F99C02E4C864A00E8B7BB /* YearHeaderView.swift in Sources */ = {isa = PBXBuildFile; fileRef = DC3F99BF2E4C864A00E8B7BB /* YearHeaderView.swift */; };
		DC3F99CA2E6C95DF00E8B7BB /* StickerInfo.swift in Sources */ = {isa = PBXBuildFile; fileRef = DC3F99C92E6C95DF00E8B7BB /* StickerInfo.swift */; };
		DC3F99CC2E6C97E800E8B7BB /* StickerView.swift in Sources */ = {isa = PBXBuildFile; fileRef = DC3F99CB2E6C97E800E8B7BB /* StickerView.swift */; };
		DC5FDE1D2E16AA1900FAB44F /* MyCalendarApp.swift in Sources */ = {isa = PBXBuildFile; fileRef = DC5FDE1C2E16AA1900FAB44F /* MyCalendarApp.swift */; };
		DC5FDE1F2E16AA1900FAB44F /* ContentView.swift in Sources */ = {isa = PBXBuildFile; fileRef = DC5FDE1E2E16AA1900FAB44F /* ContentView.swift */; };
		DC5FDE212E16AA1900FAB44F /* DayEntry.swift in Sources */ = {isa = PBXBuildFile; fileRef = DC5FDE202E16AA1900FAB44F /* DayEntry.swift */; };
		DC5FDE232E16AA1C00FAB44F /* Assets.xcassets in Resources */ = {isa = PBXBuildFile; fileRef = DC5FDE222E16AA1C00FAB44F /* Assets.xcassets */; };
		DC5FDE262E16AA1C00FAB44F /* Preview Assets.xcassets in Resources */ = {isa = PBXBuildFile; fileRef = DC5FDE252E16AA1C00FAB44F /* Preview Assets.xcassets */; };
		DC5FDE2D2E18808800FAB44F /* CalendarView.swift in Sources */ = {isa = PBXBuildFile; fileRef = DC5FDE2C2E18808800FAB44F /* CalendarView.swift */; };
		DC5FDE2F2E1C449E00FAB44F /* DrawingView.swift in Sources */ = {isa = PBXBuildFile; fileRef = DC5FDE2E2E1C449E00FAB44F /* DrawingView.swift */; };
		DCDBCB352E9B0BCF00DB5DFD /* NotificationEntry.swift in Sources */ = {isa = PBXBuildFile; fileRef = DCDBCB342E9B0BCF00DB5DFD /* NotificationEntry.swift */; };
		DCDBCB372E9B0D0E00DB5DFD /* DayNotificationsView.swift in Sources */ = {isa = PBXBuildFile; fileRef = DCDBCB362E9B0D0E00DB5DFD /* DayNotificationsView.swift */; };
		DCDBCB392E9B0DDA00DB5DFD /* AddNotificationView.swift in Sources */ = {isa = PBXBuildFile; fileRef = DCDBCB382E9B0DDA00DB5DFD /* AddNotificationView.swift */; };
/* End PBXBuildFile section */

/* Begin PBXFileReference section */
		DC3F999D2E310F4200E8B7BB /* DayCellView.swift */ = {isa = PBXFileReference; lastKnownFileType = sourcecode.swift; path = DayCellView.swift; sourceTree = "<group>"; };
		DC3F999F2E31104800E8B7BB /* DayDetailView.swift */ = {isa = PBXFileReference; lastKnownFileType = sourcecode.swift; path = DayDetailView.swift; sourceTree = "<group>"; };
		DC3F99A12E3353D600E8B7BB /* ImageCropperView.swift */ = {isa = PBXFileReference; lastKnownFileType = sourcecode.swift; path = ImageCropperView.swift; sourceTree = "<group>"; };
		DC3F99A32E37BD3200E8B7BB /* AppConstants.swift */ = {isa = PBXFileReference; lastKnownFileType = sourcecode.swift; path = AppConstants.swift; sourceTree = "<group>"; };
		DC3F99AB2E3BB1CF00E8B7BB /* MonthView.swift */ = {isa = PBXFileReference; lastKnownFileType = sourcecode.swift; path = MonthView.swift; sourceTree = "<group>"; };
		DC3F99AD2E3BDB8800E8B7BB /* StickyHeaderView.swift */ = {isa = PBXFileReference; lastKnownFileType = sourcecode.swift; path = StickyHeaderView.swift; sourceTree = "<group>"; };
		DC3F99AF2E40EE7400E8B7BB /* CalendarDay.swift */ = {isa = PBXFileReference; lastKnownFileType = sourcecode.swift; path = CalendarDay.swift; sourceTree = "<group>"; };
		DC3F99B12E4120FF00E8B7BB /* WeekRowView.swift */ = {isa = PBXFileReference; lastKnownFileType = sourcecode.swift; path = WeekRowView.swift; sourceTree = "<group>"; };
		DC3F99B52E47492100E8B7BB /* VisibleMonthPreferenceKey.swift */ = {isa = PBXFileReference; lastKnownFileType = sourcecode.swift; path = VisibleMonthPreferenceKey.swift; sourceTree = "<group>"; };
		DC3F99B72E476FA900E8B7BB /* Date+Extensions.swift */ = {isa = PBXFileReference; lastKnownFileType = sourcecode.swift; path = "Date+Extensions.swift"; sourceTree = "<group>"; };
		DC3F99BB2E4BDFCD00E8B7BB /* YearView.swift */ = {isa = PBXFileReference; lastKnownFileType = sourcecode.swift; path = YearView.swift; sourceTree = "<group>"; };
		DC3F99BD2E4C690300E8B7BB /* MiniMonthView.swift */ = {isa = PBXFileReference; lastKnownFileType = sourcecode.swift; path = MiniMonthView.swift; sourceTree = "<group>"; };
		DC3F99BF2E4C864A00E8B7BB /* YearHeaderView.swift */ = {isa = PBXFileReference; lastKnownFileType = sourcecode.swift; path = YearHeaderView.swift; sourceTree = "<group>"; };
		DC3F99C92E6C95DF00E8B7BB /* StickerInfo.swift */ = {isa = PBXFileReference; lastKnownFileType = sourcecode.swift; path = StickerInfo.swift; sourceTree = "<group>"; };
		DC3F99CB2E6C97E800E8B7BB /* StickerView.swift */ = {isa = PBXFileReference; lastKnownFileType = sourcecode.swift; path = StickerView.swift; sourceTree = "<group>"; };
		DC5FDE192E16AA1900FAB44F /* MyCalendar.app */ = {isa = PBXFileReference; explicitFileType = wrapper.application; includeInIndex = 0; path = MyCalendar.app; sourceTree = BUILT_PRODUCTS_DIR; };
		DC5FDE1C2E16AA1900FAB44F /* MyCalendarApp.swift */ = {isa = PBXFileReference; lastKnownFileType = sourcecode.swift; path = MyCalendarApp.swift; sourceTree = "<group>"; };
		DC5FDE1E2E16AA1900FAB44F /* ContentView.swift */ = {isa = PBXFileReference; lastKnownFileType = sourcecode.swift; path = ContentView.swift; sourceTree = "<group>"; };
		DC5FDE202E16AA1900FAB44F /* DayEntry.swift */ = {isa = PBXFileReference; lastKnownFileType = sourcecode.swift; path = DayEntry.swift; sourceTree = "<group>"; };
		DC5FDE222E16AA1C00FAB44F /* Assets.xcassets */ = {isa = PBXFileReference; lastKnownFileType = folder.assetcatalog; path = Assets.xcassets; sourceTree = "<group>"; };
		DC5FDE252E16AA1C00FAB44F /* Preview Assets.xcassets */ = {isa = PBXFileReference; lastKnownFileType = folder.assetcatalog; path = "Preview Assets.xcassets"; sourceTree = "<group>"; };
		DC5FDE2C2E18808800FAB44F /* CalendarView.swift */ = {isa = PBXFileReference; lastKnownFileType = sourcecode.swift; path = CalendarView.swift; sourceTree = "<group>"; };
		DC5FDE2E2E1C449E00FAB44F /* DrawingView.swift */ = {isa = PBXFileReference; lastKnownFileType = sourcecode.swift; path = DrawingView.swift; sourceTree = "<group>"; };
		DCDBCB342E9B0BCF00DB5DFD /* NotificationEntry.swift */ = {isa = PBXFileReference; lastKnownFileType = sourcecode.swift; path = NotificationEntry.swift; sourceTree = "<group>"; };
		DCDBCB362E9B0D0E00DB5DFD /* DayNotificationsView.swift */ = {isa = PBXFileReference; lastKnownFileType = sourcecode.swift; path = DayNotificationsView.swift; sourceTree = "<group>"; };
		DCDBCB382E9B0DDA00DB5DFD /* AddNotificationView.swift */ = {isa = PBXFileReference; lastKnownFileType = sourcecode.swift; path = AddNotificationView.swift; sourceTree = "<group>"; };
/* End PBXFileReference section */

/* Begin PBXFrameworksBuildPhase section */
		DC5FDE162E16AA1900FAB44F /* Frameworks */ = {
			isa = PBXFrameworksBuildPhase;
			buildActionMask = 2147483647;
			files = (
			);
			runOnlyForDeploymentPostprocessing = 0;
		};
/* End PBXFrameworksBuildPhase section */

/* Begin PBXGroup section */
		DC5FDE102E16AA1900FAB44F = {
			isa = PBXGroup;
			children = (
				DC5FDE1B2E16AA1900FAB44F /* MyCalendar */,
				DC5FDE1A2E16AA1900FAB44F /* Products */,
			);
			sourceTree = "<group>";
		};
		DC5FDE1A2E16AA1900FAB44F /* Products */ = {
			isa = PBXGroup;
			children = (
				DC5FDE192E16AA1900FAB44F /* MyCalendar.app */,
			);
			name = Products;
			sourceTree = "<group>";
		};
		DC5FDE1B2E16AA1900FAB44F /* MyCalendar */ = {
			isa = PBXGroup;
			children = (
				DC5FDE1C2E16AA1900FAB44F /* MyCalendarApp.swift */,
				DC5FDE1E2E16AA1900FAB44F /* ContentView.swift */,
				DC5FDE202E16AA1900FAB44F /* DayEntry.swift */,
				DC5FDE222E16AA1C00FAB44F /* Assets.xcassets */,
				DC5FDE242E16AA1C00FAB44F /* Preview Content */,
				DC5FDE2C2E18808800FAB44F /* CalendarView.swift */,
				DC3F999D2E310F4200E8B7BB /* DayCellView.swift */,
				DC3F999F2E31104800E8B7BB /* DayDetailView.swift */,
				DC3F99A12E3353D600E8B7BB /* ImageCropperView.swift */,
				DC3F99A32E37BD3200E8B7BB /* AppConstants.swift */,
				DC3F99AB2E3BB1CF00E8B7BB /* MonthView.swift */,
				DC3F99AD2E3BDB8800E8B7BB /* StickyHeaderView.swift */,
				DC3F99AF2E40EE7400E8B7BB /* CalendarDay.swift */,
				DC3F99B12E4120FF00E8B7BB /* WeekRowView.swift */,
				DC3F99B52E47492100E8B7BB /* VisibleMonthPreferenceKey.swift */,
				DC3F99B72E476FA900E8B7BB /* Date+Extensions.swift */,
				DC3F99BB2E4BDFCD00E8B7BB /* YearView.swift */,
				DC3F99BD2E4C690300E8B7BB /* MiniMonthView.swift */,
				DC3F99BF2E4C864A00E8B7BB /* YearHeaderView.swift */,
				DC3F99CB2E6C97E800E8B7BB /* StickerView.swift */,
				DC3F99C92E6C95DF00E8B7BB /* StickerInfo.swift */,
				DC5FDE2E2E1C449E00FAB44F /* DrawingView.swift */,
				DCDBCB342E9B0BCF00DB5DFD /* NotificationEntry.swift */,
				DCDBCB362E9B0D0E00DB5DFD /* DayNotificationsView.swift */,
				DCDBCB382E9B0DDA00DB5DFD /* AddNotificationView.swift */,
			);
			path = MyCalendar;
			sourceTree = "<group>";
		};
		DC5FDE242E16AA1C00FAB44F /* Preview Content */ = {
			isa = PBXGroup;
			children = (
				DC5FDE252E16AA1C00FAB44F /* Preview Assets.xcassets */,
			);
			path = "Preview Content";
			sourceTree = "<group>";
		};
/* End PBXGroup section */

/* Begin PBXNativeTarget section */
		DC5FDE182E16AA1900FAB44F /* MyCalendar */ = {
			isa = PBXNativeTarget;
			buildConfigurationList = DC5FDE292E16AA1C00FAB44F /* Build configuration list for PBXNativeTarget "MyCalendar" */;
			buildPhases = (
				DC5FDE152E16AA1900FAB44F /* Sources */,
				DC5FDE162E16AA1900FAB44F /* Frameworks */,
				DC5FDE172E16AA1900FAB44F /* Resources */,
			);
			buildRules = (
			);
			dependencies = (
			);
			name = MyCalendar;
			productName = MyCalendar;
			productReference = DC5FDE192E16AA1900FAB44F /* MyCalendar.app */;
			productType = "com.apple.product-type.application";
		};
/* End PBXNativeTarget section */

/* Begin PBXProject section */
		DC5FDE112E16AA1900FAB44F /* Project object */ = {
			isa = PBXProject;
			attributes = {
				BuildIndependentTargetsInParallel = 1;
				LastSwiftUpdateCheck = 1540;
				LastUpgradeCheck = 1540;
				TargetAttributes = {
					DC5FDE182E16AA1900FAB44F = {
						CreatedOnToolsVersion = 15.4;
					};
				};
			};
			buildConfigurationList = DC5FDE142E16AA1900FAB44F /* Build configuration list for PBXProject "MyCalendar" */;
			compatibilityVersion = "Xcode 14.0";
			developmentRegion = en;
			hasScannedForEncodings = 0;
			knownRegions = (
				en,
				Base,
			);
			mainGroup = DC5FDE102E16AA1900FAB44F;
			productRefGroup = DC5FDE1A2E16AA1900FAB44F /* Products */;
			projectDirPath = "";
			projectRoot = "";
			targets = (
				DC5FDE182E16AA1900FAB44F /* MyCalendar */,
			);
		};
/* End PBXProject section */

/* Begin PBXResourcesBuildPhase section */
		DC5FDE172E16AA1900FAB44F /* Resources */ = {
			isa = PBXResourcesBuildPhase;
			buildActionMask = 2147483647;
			files = (
				DC5FDE262E16AA1C00FAB44F /* Preview Assets.xcassets in Resources */,
				DC5FDE232E16AA1C00FAB44F /* Assets.xcassets in Resources */,
			);
			runOnlyForDeploymentPostprocessing = 0;
		};
/* End PBXResourcesBuildPhase section */

/* Begin PBXSourcesBuildPhase section */
		DC5FDE152E16AA1900FAB44F /* Sources */ = {
			isa = PBXSourcesBuildPhase;
			buildActionMask = 2147483647;
			files = (
				DC3F99AC2E3BB1CF00E8B7BB /* MonthView.swift in Sources */,
				DC3F99A02E31104800E8B7BB /* DayDetailView.swift in Sources */,
				DC3F99A22E3353D600E8B7BB /* ImageCropperView.swift in Sources */,
				DCDBCB352E9B0BCF00DB5DFD /* NotificationEntry.swift in Sources */,
				DC3F99C02E4C864A00E8B7BB /* YearHeaderView.swift in Sources */,
				DC3F99A42E37BD3200E8B7BB /* AppConstants.swift in Sources */,
				DC3F99B22E4120FF00E8B7BB /* WeekRowView.swift in Sources */,
				DC3F99B62E47492100E8B7BB /* VisibleMonthPreferenceKey.swift in Sources */,
				DCDBCB392E9B0DDA00DB5DFD /* AddNotificationView.swift in Sources */,
				DC3F99CA2E6C95DF00E8B7BB /* StickerInfo.swift in Sources */,
				DC3F99BE2E4C690300E8B7BB /* MiniMonthView.swift in Sources */,
				DC3F99B82E476FA900E8B7BB /* Date+Extensions.swift in Sources */,
				DC5FDE1F2E16AA1900FAB44F /* ContentView.swift in Sources */,
				DC5FDE212E16AA1900FAB44F /* DayEntry.swift in Sources */,
				DC3F99B02E40EE7400E8B7BB /* CalendarDay.swift in Sources */,
				DCDBCB372E9B0D0E00DB5DFD /* DayNotificationsView.swift in Sources */,
				DC3F99AE2E3BDB8800E8B7BB /* StickyHeaderView.swift in Sources */,
				DC3F99CC2E6C97E800E8B7BB /* StickerView.swift in Sources */,
				DC3F99BC2E4BDFCD00E8B7BB /* YearView.swift in Sources */,
				DC5FDE2F2E1C449E00FAB44F /* DrawingView.swift in Sources */,
				DC3F999E2E310F4200E8B7BB /* DayCellView.swift in Sources */,
				DC5FDE2D2E18808800FAB44F /* CalendarView.swift in Sources */,
				DC5FDE1D2E16AA1900FAB44F /* MyCalendarApp.swift in Sources */,
			);
			runOnlyForDeploymentPostprocessing = 0;
		};
/* End PBXSourcesBuildPhase section */

/* Begin XCBuildConfiguration section */
		DC5FDE272E16AA1C00FAB44F /* Debug */ = {
			isa = XCBuildConfiguration;
			buildSettings = {
				ALWAYS_SEARCH_USER_PATHS = NO;
				ASSETCATALOG_COMPILER_GENERATE_SWIFT_ASSET_SYMBOL_EXTENSIONS = YES;
				CLANG_ANALYZER_NONNULL = YES;
				CLANG_ANALYZER_NUMBER_OBJECT_CONVERSION = YES_AGGRESSIVE;
				CLANG_CXX_LANGUAGE_STANDARD = "gnu++20";
				CLANG_ENABLE_MODULES = YES;
				CLANG_ENABLE_OBJC_ARC = YES;
				CLANG_ENABLE_OBJC_WEAK = YES;
				CLANG_WARN_BLOCK_CAPTURE_AUTORELEASING = YES;
				CLANG_WARN_BOOL_CONVERSION = YES;
				CLANG_WARN_COMMA = YES;
				CLANG_WARN_CONSTANT_CONVERSION = YES;
				CLANG_WARN_DEPRECATED_OBJC_IMPLEMENTATIONS = YES;
				CLANG_WARN_DIRECT_OBJC_ISA_USAGE = YES_ERROR;
				CLANG_WARN_DOCUMENTATION_COMMENTS = YES;
				CLANG_WARN_EMPTY_BODY = YES;
				CLANG_WARN_ENUM_CONVERSION = YES;
				CLANG_WARN_INFINITE_RECURSION = YES;
				CLANG_WARN_INT_CONVERSION = YES;
				CLANG_WARN_NON_LITERAL_NULL_CONVERSION = YES;
				CLANG_WARN_OBJC_IMPLICIT_RETAIN_SELF = YES;
				CLANG_WARN_OBJC_LITERAL_CONVERSION = YES;
				CLANG_WARN_OBJC_ROOT_CLASS = YES_ERROR;
				CLANG_WARN_QUOTED_INCLUDE_IN_FRAMEWORK_HEADER = YES;
				CLANG_WARN_RANGE_LOOP_ANALYSIS = YES;
				CLANG_WARN_STRICT_PROTOTYPES = YES;
				CLANG_WARN_SUSPICIOUS_MOVE = YES;
				CLANG_WARN_UNGUARDED_AVAILABILITY = YES_AGGRESSIVE;
				CLANG_WARN_UNREACHABLE_CODE = YES;
				CLANG_WARN__DUPLICATE_METHOD_MATCH = YES;
				COPY_PHASE_STRIP = NO;
				DEBUG_INFORMATION_FORMAT = dwarf;
				ENABLE_STRICT_OBJC_MSGSEND = YES;
				ENABLE_TESTABILITY = YES;
				ENABLE_USER_SCRIPT_SANDBOXING = YES;
				GCC_C_LANGUAGE_STANDARD = gnu17;
				GCC_DYNAMIC_NO_PIC = NO;
				GCC_NO_COMMON_BLOCKS = YES;
				GCC_OPTIMIZATION_LEVEL = 0;
				GCC_PREPROCESSOR_DEFINITIONS = (
					"DEBUG=1",
					"$(inherited)",
				);
				GCC_WARN_64_TO_32_BIT_CONVERSION = YES;
				GCC_WARN_ABOUT_RETURN_TYPE = YES_ERROR;
				GCC_WARN_UNDECLARED_SELECTOR = YES;
				GCC_WARN_UNINITIALIZED_AUTOS = YES_AGGRESSIVE;
				GCC_WARN_UNUSED_FUNCTION = YES;
				GCC_WARN_UNUSED_VARIABLE = YES;
				IPHONEOS_DEPLOYMENT_TARGET = 17.5;
				LOCALIZATION_PREFERS_STRING_CATALOGS = YES;
				MTL_ENABLE_DEBUG_INFO = INCLUDE_SOURCE;
				MTL_FAST_MATH = YES;
				ONLY_ACTIVE_ARCH = YES;
				SDKROOT = iphoneos;
				SWIFT_ACTIVE_COMPILATION_CONDITIONS = "DEBUG $(inherited)";
				SWIFT_OPTIMIZATION_LEVEL = "-Onone";
			};
			name = Debug;
		};
		DC5FDE282E16AA1C00FAB44F /* Release */ = {
			isa = XCBuildConfiguration;
			buildSettings = {
				ALWAYS_SEARCH_USER_PATHS = NO;
				ASSETCATALOG_COMPILER_GENERATE_SWIFT_ASSET_SYMBOL_EXTENSIONS = YES;
				CLANG_ANALYZER_NONNULL = YES;
				CLANG_ANALYZER_NUMBER_OBJECT_CONVERSION = YES_AGGRESSIVE;
				CLANG_CXX_LANGUAGE_STANDARD = "gnu++20";
				CLANG_ENABLE_MODULES = YES;
				CLANG_ENABLE_OBJC_ARC = YES;
				CLANG_ENABLE_OBJC_WEAK = YES;
				CLANG_WARN_BLOCK_CAPTURE_AUTORELEASING = YES;
				CLANG_WARN_BOOL_CONVERSION = YES;
				CLANG_WARN_COMMA = YES;
				CLANG_WARN_CONSTANT_CONVERSION = YES;
				CLANG_WARN_DEPRECATED_OBJC_IMPLEMENTATIONS = YES;
				CLANG_WARN_DIRECT_OBJC_ISA_USAGE = YES_ERROR;
				CLANG_WARN_DOCUMENTATION_COMMENTS = YES;
				CLANG_WARN_EMPTY_BODY = YES;
				CLANG_WARN_ENUM_CONVERSION = YES;
				CLANG_WARN_INFINITE_RECURSION = YES;
				CLANG_WARN_INT_CONVERSION = YES;
				CLANG_WARN_NON_LITERAL_NULL_CONVERSION = YES;
				CLANG_WARN_OBJC_IMPLICIT_RETAIN_SELF = YES;
				CLANG_WARN_OBJC_LITERAL_CONVERSION = YES;
				CLANG_WARN_OBJC_ROOT_CLASS = YES_ERROR;
				CLANG_WARN_QUOTED_INCLUDE_IN_FRAMEWORK_HEADER = YES;
				CLANG_WARN_RANGE_LOOP_ANALYSIS = YES;
				CLANG_WARN_STRICT_PROTOTYPES = YES;
				CLANG_WARN_SUSPICIOUS_MOVE = YES;
				CLANG_WARN_UNGUARDED_AVAILABILITY = YES_AGGRESSIVE;
				CLANG_WARN_UNREACHABLE_CODE = YES;
				CLANG_WARN__DUPLICATE_METHOD_MATCH = YES;
				COPY_PHASE_STRIP = NO;
				DEBUG_INFORMATION_FORMAT = "dwarf-with-dsym";
				ENABLE_NS_ASSERTIONS = NO;
				ENABLE_STRICT_OBJC_MSGSEND = YES;
				ENABLE_USER_SCRIPT_SANDBOXING = YES;
				GCC_C_LANGUAGE_STANDARD = gnu17;
				GCC_NO_COMMON_BLOCKS = YES;
				GCC_WARN_64_TO_32_BIT_CONVERSION = YES;
				GCC_WARN_ABOUT_RETURN_TYPE = YES_ERROR;
				GCC_WARN_UNDECLARED_SELECTOR = YES;
				GCC_WARN_UNINITIALIZED_AUTOS = YES_AGGRESSIVE;
				GCC_WARN_UNUSED_FUNCTION = YES;
				GCC_WARN_UNUSED_VARIABLE = YES;
				IPHONEOS_DEPLOYMENT_TARGET = 17.5;
				LOCALIZATION_PREFERS_STRING_CATALOGS = YES;
				MTL_ENABLE_DEBUG_INFO = NO;
				MTL_FAST_MATH = YES;
				SDKROOT = iphoneos;
				SWIFT_COMPILATION_MODE = wholemodule;
				VALIDATE_PRODUCT = YES;
			};
			name = Release;
		};
		DC5FDE2A2E16AA1C00FAB44F /* Debug */ = {
			isa = XCBuildConfiguration;
			buildSettings = {
				ASSETCATALOG_COMPILER_APPICON_NAME = AppIcon;
				ASSETCATALOG_COMPILER_GLOBAL_ACCENT_COLOR_NAME = AccentColor;
				CODE_SIGN_IDENTITY = "Apple Development";
				CODE_SIGN_STYLE = Automatic;
				CURRENT_PROJECT_VERSION = 1;
				DEVELOPMENT_ASSET_PATHS = "\"MyCalendar/Preview Content\"";
				DEVELOPMENT_TEAM = D2B56D3PCB;
				ENABLE_PREVIEWS = YES;
				GENERATE_INFOPLIST_FILE = YES;
				INFOPLIST_KEY_UIApplicationSceneManifest_Generation = YES;
				INFOPLIST_KEY_UIApplicationSupportsIndirectInputEvents = YES;
				INFOPLIST_KEY_UILaunchScreen_Generation = YES;
				INFOPLIST_KEY_UISupportedInterfaceOrientations_iPad = "UIInterfaceOrientationPortrait UIInterfaceOrientationPortraitUpsideDown UIInterfaceOrientationLandscapeLeft UIInterfaceOrientationLandscapeRight";
				INFOPLIST_KEY_UISupportedInterfaceOrientations_iPhone = "UIInterfaceOrientationPortrait UIInterfaceOrientationLandscapeLeft UIInterfaceOrientationLandscapeRight";
				LD_RUNPATH_SEARCH_PATHS = (
					"$(inherited)",
					"@executable_path/Frameworks",
				);
				MARKETING_VERSION = 1.0;
				PRODUCT_BUNDLE_IDENTIFIER = com.raifagovic.MyCalendar;
				PRODUCT_NAME = "$(TARGET_NAME)";
				PROVISIONING_PROFILE_SPECIFIER = "";
				SWIFT_EMIT_LOC_STRINGS = YES;
				SWIFT_VERSION = 5.0;
				TARGETED_DEVICE_FAMILY = "1,2";
			};
			name = Debug;
		};
		DC5FDE2B2E16AA1C00FAB44F /* Release */ = {
			isa = XCBuildConfiguration;
			buildSettings = {
				ASSETCATALOG_COMPILER_APPICON_NAME = AppIcon;
				ASSETCATALOG_COMPILER_GLOBAL_ACCENT_COLOR_NAME = AccentColor;
				CODE_SIGN_IDENTITY = "Apple Development";
				CODE_SIGN_STYLE = Automatic;
				CURRENT_PROJECT_VERSION = 1;
				DEVELOPMENT_ASSET_PATHS = "\"MyCalendar/Preview Content\"";
				DEVELOPMENT_TEAM = D2B56D3PCB;
				ENABLE_PREVIEWS = YES;
				GENERATE_INFOPLIST_FILE = YES;
				INFOPLIST_KEY_UIApplicationSceneManifest_Generation = YES;
				INFOPLIST_KEY_UIApplicationSupportsIndirectInputEvents = YES;
				INFOPLIST_KEY_UILaunchScreen_Generation = YES;
				INFOPLIST_KEY_UISupportedInterfaceOrientations_iPad = "UIInterfaceOrientationPortrait UIInterfaceOrientationPortraitUpsideDown UIInterfaceOrientationLandscapeLeft UIInterfaceOrientationLandscapeRight";
				INFOPLIST_KEY_UISupportedInterfaceOrientations_iPhone = "UIInterfaceOrientationPortrait UIInterfaceOrientationLandscapeLeft UIInterfaceOrientationLandscapeRight";
				LD_RUNPATH_SEARCH_PATHS = (
					"$(inherited)",
					"@executable_path/Frameworks",
				);
				MARKETING_VERSION = 1.0;
				PRODUCT_BUNDLE_IDENTIFIER = com.raifagovic.MyCalendar;
				PRODUCT_NAME = "$(TARGET_NAME)";
				PROVISIONING_PROFILE_SPECIFIER = "";
				SWIFT_EMIT_LOC_STRINGS = YES;
				SWIFT_VERSION = 5.0;
				TARGETED_DEVICE_FAMILY = "1,2";
			};
			name = Release;
		};
/* End XCBuildConfiguration section */

/* Begin XCConfigurationList section */
		DC5FDE142E16AA1900FAB44F /* Build configuration list for PBXProject "MyCalendar" */ = {
			isa = XCConfigurationList;
			buildConfigurations = (
				DC5FDE272E16AA1C00FAB44F /* Debug */,
				DC5FDE282E16AA1C00FAB44F /* Release */,
			);
			defaultConfigurationIsVisible = 0;
			defaultConfigurationName = Release;
		};
		DC5FDE292E16AA1C00FAB44F /* Build configuration list for PBXNativeTarget "MyCalendar" */ = {
			isa = XCConfigurationList;
			buildConfigurations = (
				DC5FDE2A2E16AA1C00FAB44F /* Debug */,
				DC5FDE2B2E16AA1C00FAB44F /* Release */,
			);
			defaultConfigurationIsVisible = 0;
			defaultConfigurationName = Release;
		};
/* End XCConfigurationList section */
	};
	rootObject = DC5FDE112E16AA1900FAB44F /* Project object */;
}
